
Microsoft Visual Studio Solution File, Format Version 12.00
# Visual Studio Version 17
VisualStudioVersion = 17.8.34511.84
MinimumVisualStudioVersion = 10.0.40219.1
Project("{FAE04EC0-301F-11D3-BF4B-00C04F79EFBC}") = "Ex03.GarageLogic", "Ex03\Ex03.GarageLogic.csproj", "{DA750032-B821-4E20-9CDE-275900E3DB45}"
EndProject
Project("{FAE04EC0-301F-11D3-BF4B-00C04F79EFBC}") = "Ex03.ConsoleUI", "Ex03.ConsoleUI\Ex03.ConsoleUI.csproj", "{B4686216-7E81-4374-AB75-D865CC91D7E5}"
EndProject
Global
	GlobalSection(SolutionConfigurationPlatforms) = preSolution
		Debug|Any CPU = Debug|Any CPU
		Release|Any CPU = Release|Any CPU
	EndGlobalSection
	GlobalSection(ProjectConfigurationPlatforms) = postSolution
		{DA750032-B821-4E20-9CDE-275900E3DB45}.Debug|Any CPU.ActiveCfg = Debug|Any CPU
		{DA750032-B821-4E20-9CDE-275900E3DB45}.Debug|Any CPU.Build.0 = Debug|Any CPU
		{DA750032-B821-4E20-9CDE-275900E3DB45}.Release|Any CPU.ActiveCfg = Release|Any CPU
		{DA750032-B821-4E20-9CDE-275900E3DB45}.Release|Any CPU.Build.0 = Release|Any CPU
		{B4686216-7E81-4374-AB75-D865CC91D7E5}.Debug|Any CPU.ActiveCfg = Debug|Any CPU
		{B4686216-7E81-4374-AB75-D865CC91D7E5}.Debug|Any CPU.Build.0 = Debug|Any CPU
		{B4686216-7E81-4374-AB75-D865CC91D7E5}.Release|Any CPU.ActiveCfg = Release|Any CPU
		{B4686216-7E81-4374-AB75-D865CC91D7E5}.Release|Any CPU.Build.0 = Release|Any CPU
	EndGlobalSection
	GlobalSection(SolutionProperties) = preSolution
		HideSolutionNode = FALSE
	EndGlobalSection
	GlobalSection(ExtensibilityGlobals) = postSolution
		SolutionGuid = {3354C890-9CF8-422B-91DB-16209D995EA2}
	EndGlobalSection
EndGlobal
